
Microsoft Visual Studio Solution File, Format Version 12.00
# Visual Studio Version 17
VisualStudioVersion = 17.10.35027.167
MinimumVisualStudioVersion = 10.0.40219.1
Project("{9A19103F-16F7-4668-BE54-9A1E7A4F7556}") = "2024-09-30 - Lesson (Processes)", "2024-09-30 - Lesson (Processes)\2024-09-30 - Lesson (Processes).csproj", "{F61F82D3-466E-4C86-8548-F6235490AE9A}"
EndProject
Project("{9A19103F-16F7-4668-BE54-9A1E7A4F7556}") = "1_TaskManagerApp", "1_TaskManagerApp\1_TaskManagerApp.csproj", "{218DEE91-268F-47D9-A7B8-782DF506D923}"
EndProject
Project("{9A19103F-16F7-4668-BE54-9A1E7A4F7556}") = "2024-10-02 - Lesson (Threads)", "2024-10-02 - Lesson (Threads)\2024-10-02 - Lesson (Threads).csproj", "{0C358388-B15E-4EE8-A62D-DFF3011828BB}"
EndProject
Project("{9A19103F-16F7-4668-BE54-9A1E7A4F7556}") = "2_ProgressBarApp", "2_ProgressBarApp\2_ProgressBarApp.csproj", "{10FE6AC1-6F5F-4DBA-B167-AC71A179DA4C}"
EndProject
Project("{9A19103F-16F7-4668-BE54-9A1E7A4F7556}") = "2024-10-02 - HW (Threads)", "2024-10-02 - HW (Threads)\2024-10-02 - HW (Threads).csproj", "{2BAC49DE-AE97-42F8-B49C-337ADA0D1FF5}"
EndProject
Project("{9A19103F-16F7-4668-BE54-9A1E7A4F7556}") = "2024-10-04 - Lesson (Thread Synchronization)", "2024-10-04 - Lesson (Thread Synchronization)\2024-10-04 - Lesson (Thread Synchronization).csproj", "{22C182FA-AEC4-4E64-A220-466B17D8710F}"
EndProject
Project("{9A19103F-16F7-4668-BE54-9A1E7A4F7556}") = "2024-10-04 - HW (Thread Synchronization)", "2024-10-04 - HW (Thread Synchronization)\2024-10-04 - HW (Thread Synchronization).csproj", "{BDFE8FD2-5E78-4849-814F-67D1B4B69609}"
EndProject
Project("{9A19103F-16F7-4668-BE54-9A1E7A4F7556}") = "2024-10-08 - Lesson (Tasks)", "2024-10-08 - Lesson (Tasks)\2024-10-08 - Lesson (Tasks).csproj", "{88E90ED4-D584-499F-89CC-A6478445BAF5}"
EndProject
Project("{9A19103F-16F7-4668-BE54-9A1E7A4F7556}") = "2024-10-08 - HW (Tasks)", "2024-10-08 - HW (Tasks)\2024-10-08 - HW (Tasks).csproj", "{9CC27BC9-955F-47B9-8851-1CFD2CE83290}"
EndProject
Project("{9A19103F-16F7-4668-BE54-9A1E7A4F7556}") = "3_AsyncAwaitApp", "3_AsyncAwaitApp\3_AsyncAwaitApp.csproj", "{F261204A-1F47-40AE-B138-3FC9825A9AE9}"
EndProject
Project("{9A19103F-16F7-4668-BE54-9A1E7A4F7556}") = "2024-10-11 - Lesson (TaskParallelLib)", "2024-10-11 - Lesson (TaskParallelLib)\2024-10-11 - Lesson (TaskParallelLib).csproj", "{56425EB8-8DA4-4A21-9B91-56AFE570FBF0}"
EndProject
Project("{9A19103F-16F7-4668-BE54-9A1E7A4F7556}") = "2024-10-11 - HW (TaskParallelLib)", "2024-10-11 - HW (TaskParallelLib)\2024-10-11 - HW (TaskParallelLib).csproj", "{F1F945FE-AB85-4142-8E5A-AD1A486E63EB}"
EndProject
Project("{9A19103F-16F7-4668-BE54-9A1E7A4F7556}") = "2024-10-14 - Lesson (Unsafe Code. Registry)", "2024-10-14 - Lesson (Unsafe Code. Registry)\2024-10-14 - Lesson (Unsafe Code. Registry).csproj", "{622ABA18-D2A1-49BA-AC5E-1803577C1446}"
EndProject
Project("{9A19103F-16F7-4668-BE54-9A1E7A4F7556}") = "ExamApp", "ExamApp\ExamApp.csproj", "{6A9CA799-337B-467F-AB52-519A65F6A911}"
EndProject
Project("{FAE04EC0-301F-11D3-BF4B-00C04F79EFBC}") = "ExamApp2", "ExamApp2\ExamApp2.csproj", "{692F5783-2C73-409C-A6B8-23EF14CC9481}"
EndProject
Global
	GlobalSection(SolutionConfigurationPlatforms) = preSolution
		Debug|Any CPU = Debug|Any CPU
		Release|Any CPU = Release|Any CPU
	EndGlobalSection
	GlobalSection(ProjectConfigurationPlatforms) = postSolution
		{F61F82D3-466E-4C86-8548-F6235490AE9A}.Debug|Any CPU.ActiveCfg = Debug|Any CPU
		{F61F82D3-466E-4C86-8548-F6235490AE9A}.Debug|Any CPU.Build.0 = Debug|Any CPU
		{F61F82D3-466E-4C86-8548-F6235490AE9A}.Release|Any CPU.ActiveCfg = Release|Any CPU
		{F61F82D3-466E-4C86-8548-F6235490AE9A}.Release|Any CPU.Build.0 = Release|Any CPU
		{218DEE91-268F-47D9-A7B8-782DF506D923}.Debug|Any CPU.ActiveCfg = Debug|Any CPU
		{218DEE91-268F-47D9-A7B8-782DF506D923}.Debug|Any CPU.Build.0 = Debug|Any CPU
		{218DEE91-268F-47D9-A7B8-782DF506D923}.Release|Any CPU.ActiveCfg = Release|Any CPU
		{218DEE91-268F-47D9-A7B8-782DF506D923}.Release|Any CPU.Build.0 = Release|Any CPU
		{0C358388-B15E-4EE8-A62D-DFF3011828BB}.Debug|Any CPU.ActiveCfg = Debug|Any CPU
		{0C358388-B15E-4EE8-A62D-DFF3011828BB}.Debug|Any CPU.Build.0 = Debug|Any CPU
		{0C358388-B15E-4EE8-A62D-DFF3011828BB}.Release|Any CPU.ActiveCfg = Release|Any CPU
		{0C358388-B15E-4EE8-A62D-DFF3011828BB}.Release|Any CPU.Build.0 = Release|Any CPU
		{10FE6AC1-6F5F-4DBA-B167-AC71A179DA4C}.Debug|Any CPU.ActiveCfg = Debug|Any CPU
		{10FE6AC1-6F5F-4DBA-B167-AC71A179DA4C}.Debug|Any CPU.Build.0 = Debug|Any CPU
		{10FE6AC1-6F5F-4DBA-B167-AC71A179DA4C}.Release|Any CPU.ActiveCfg = Release|Any CPU
		{10FE6AC1-6F5F-4DBA-B167-AC71A179DA4C}.Release|Any CPU.Build.0 = Release|Any CPU
		{2BAC49DE-AE97-42F8-B49C-337ADA0D1FF5}.Debug|Any CPU.ActiveCfg = Debug|Any CPU
		{2BAC49DE-AE97-42F8-B49C-337ADA0D1FF5}.Debug|Any CPU.Build.0 = Debug|Any CPU
		{2BAC49DE-AE97-42F8-B49C-337ADA0D1FF5}.Release|Any CPU.ActiveCfg = Release|Any CPU
		{2BAC49DE-AE97-42F8-B49C-337ADA0D1FF5}.Release|Any CPU.Build.0 = Release|Any CPU
		{22C182FA-AEC4-4E64-A220-466B17D8710F}.Debug|Any CPU.ActiveCfg = Debug|Any CPU
		{22C182FA-AEC4-4E64-A220-466B17D8710F}.Debug|Any CPU.Build.0 = Debug|Any CPU
		{22C182FA-AEC4-4E64-A220-466B17D8710F}.Release|Any CPU.ActiveCfg = Release|Any CPU
		{22C182FA-AEC4-4E64-A220-466B17D8710F}.Release|Any CPU.Build.0 = Release|Any CPU
		{BDFE8FD2-5E78-4849-814F-67D1B4B69609}.Debug|Any CPU.ActiveCfg = Debug|Any CPU
		{BDFE8FD2-5E78-4849-814F-67D1B4B69609}.Debug|Any CPU.Build.0 = Debug|Any CPU
		{BDFE8FD2-5E78-4849-814F-67D1B4B69609}.Release|Any CPU.ActiveCfg = Release|Any CPU
		{BDFE8FD2-5E78-4849-814F-67D1B4B69609}.Release|Any CPU.Build.0 = Release|Any CPU
		{88E90ED4-D584-499F-89CC-A6478445BAF5}.Debug|Any CPU.ActiveCfg = Debug|Any CPU
		{88E90ED4-D584-499F-89CC-A6478445BAF5}.Debug|Any CPU.Build.0 = Debug|Any CPU
		{88E90ED4-D584-499F-89CC-A6478445BAF5}.Release|Any CPU.ActiveCfg = Release|Any CPU
		{88E90ED4-D584-499F-89CC-A6478445BAF5}.Release|Any CPU.Build.0 = Release|Any CPU
		{9CC27BC9-955F-47B9-8851-1CFD2CE83290}.Debug|Any CPU.ActiveCfg = Debug|Any CPU
		{9CC27BC9-955F-47B9-8851-1CFD2CE83290}.Debug|Any CPU.Build.0 = Debug|Any CPU
		{9CC27BC9-955F-47B9-8851-1CFD2CE83290}.Release|Any CPU.ActiveCfg = Release|Any CPU
		{9CC27BC9-955F-47B9-8851-1CFD2CE83290}.Release|Any CPU.Build.0 = Release|Any CPU
		{F261204A-1F47-40AE-B138-3FC9825A9AE9}.Debug|Any CPU.ActiveCfg = Debug|Any CPU
		{F261204A-1F47-40AE-B138-3FC9825A9AE9}.Debug|Any CPU.Build.0 = Debug|Any CPU
		{F261204A-1F47-40AE-B138-3FC9825A9AE9}.Release|Any CPU.ActiveCfg = Release|Any CPU
		{F261204A-1F47-40AE-B138-3FC9825A9AE9}.Release|Any CPU.Build.0 = Release|Any CPU
		{56425EB8-8DA4-4A21-9B91-56AFE570FBF0}.Debug|Any CPU.ActiveCfg = Debug|Any CPU
		{56425EB8-8DA4-4A21-9B91-56AFE570FBF0}.Debug|Any CPU.Build.0 = Debug|Any CPU
		{56425EB8-8DA4-4A21-9B91-56AFE570FBF0}.Release|Any CPU.ActiveCfg = Release|Any CPU
		{56425EB8-8DA4-4A21-9B91-56AFE570FBF0}.Release|Any CPU.Build.0 = Release|Any CPU
		{F1F945FE-AB85-4142-8E5A-AD1A486E63EB}.Debug|Any CPU.ActiveCfg = Debug|Any CPU
		{F1F945FE-AB85-4142-8E5A-AD1A486E63EB}.Debug|Any CPU.Build.0 = Debug|Any CPU
		{F1F945FE-AB85-4142-8E5A-AD1A486E63EB}.Release|Any CPU.ActiveCfg = Release|Any CPU
		{F1F945FE-AB85-4142-8E5A-AD1A486E63EB}.Release|Any CPU.Build.0 = Release|Any CPU
		{622ABA18-D2A1-49BA-AC5E-1803577C1446}.Debug|Any CPU.ActiveCfg = Debug|Any CPU
		{622ABA18-D2A1-49BA-AC5E-1803577C1446}.Debug|Any CPU.Build.0 = Debug|Any CPU
		{622ABA18-D2A1-49BA-AC5E-1803577C1446}.Release|Any CPU.ActiveCfg = Release|Any CPU
		{622ABA18-D2A1-49BA-AC5E-1803577C1446}.Release|Any CPU.Build.0 = Release|Any CPU
		{6A9CA799-337B-467F-AB52-519A65F6A911}.Debug|Any CPU.ActiveCfg = Debug|Any CPU
		{6A9CA799-337B-467F-AB52-519A65F6A911}.Debug|Any CPU.Build.0 = Debug|Any CPU
		{6A9CA799-337B-467F-AB52-519A65F6A911}.Release|Any CPU.ActiveCfg = Release|Any CPU
		{6A9CA799-337B-467F-AB52-519A65F6A911}.Release|Any CPU.Build.0 = Release|Any CPU
		{692F5783-2C73-409C-A6B8-23EF14CC9481}.Debug|Any CPU.ActiveCfg = Debug|Any CPU
		{692F5783-2C73-409C-A6B8-23EF14CC9481}.Debug|Any CPU.Build.0 = Debug|Any CPU
		{692F5783-2C73-409C-A6B8-23EF14CC9481}.Release|Any CPU.ActiveCfg = Release|Any CPU
		{692F5783-2C73-409C-A6B8-23EF14CC9481}.Release|Any CPU.Build.0 = Release|Any CPU
	EndGlobalSection
	GlobalSection(SolutionProperties) = preSolution
		HideSolutionNode = FALSE
	EndGlobalSection
	GlobalSection(ExtensibilityGlobals) = postSolution
		SolutionGuid = {71BF6A1C-DC3B-4861-B64C-ACF6181E417B}
	EndGlobalSection
EndGlobal
