
Microsoft Visual Studio Solution File, Format Version 12.00
# Visual Studio Version 17
VisualStudioVersion = 17.10.35027.167
MinimumVisualStudioVersion = 10.0.40219.1
Project("{9A19103F-16F7-4668-BE54-9A1E7A4F7556}") = "2024-09-30 - Lesson (Processes)", "2024-09-30 - Lesson (Processes)\2024-09-30 - Lesson (Processes).csproj", "{F61F82D3-466E-4C86-8548-F6235490AE9A}"
EndProject
Project("{9A19103F-16F7-4668-BE54-9A1E7A4F7556}") = "1_TaskManagerApp", "1_TaskManagerApp\1_TaskManagerApp.csproj", "{218DEE91-268F-47D9-A7B8-782DF506D923}"
EndProject
Project("{9A19103F-16F7-4668-BE54-9A1E7A4F7556}") = "2024-10-02 - Lesson (Threads)", "2024-10-02 - Lesson (Threads)\2024-10-02 - Lesson (Threads).csproj", "{0C358388-B15E-4EE8-A62D-DFF3011828BB}"
EndProject
Project("{FAE04EC0-301F-11D3-BF4B-00C04F79EFBC}") = "2_ProgressBarApp", "2_ProgressBarApp\2_ProgressBarApp.csproj", "{10FE6AC1-6F5F-4DBA-B167-AC71A179DA4C}"
EndProject
Project("{FAE04EC0-301F-11D3-BF4B-00C04F79EFBC}") = "2024-10-02 - HW (Threads)", "2024-10-02 - HW (Threads)\2024-10-02 - HW (Threads).csproj", "{2BAC49DE-AE97-42F8-B49C-337ADA0D1FF5}"
EndProject
Global
	GlobalSection(SolutionConfigurationPlatforms) = preSolution
		Debug|Any CPU = Debug|Any CPU
		Release|Any CPU = Release|Any CPU
	EndGlobalSection
	GlobalSection(ProjectConfigurationPlatforms) = postSolution
		{F61F82D3-466E-4C86-8548-F6235490AE9A}.Debug|Any CPU.ActiveCfg = Debug|Any CPU
		{F61F82D3-466E-4C86-8548-F6235490AE9A}.Debug|Any CPU.Build.0 = Debug|Any CPU
		{F61F82D3-466E-4C86-8548-F6235490AE9A}.Release|Any CPU.ActiveCfg = Release|Any CPU
		{F61F82D3-466E-4C86-8548-F6235490AE9A}.Release|Any CPU.Build.0 = Release|Any CPU
		{218DEE91-268F-47D9-A7B8-782DF506D923}.Debug|Any CPU.ActiveCfg = Debug|Any CPU
		{218DEE91-268F-47D9-A7B8-782DF506D923}.Debug|Any CPU.Build.0 = Debug|Any CPU
		{218DEE91-268F-47D9-A7B8-782DF506D923}.Release|Any CPU.ActiveCfg = Release|Any CPU
		{218DEE91-268F-47D9-A7B8-782DF506D923}.Release|Any CPU.Build.0 = Release|Any CPU
		{0C358388-B15E-4EE8-A62D-DFF3011828BB}.Debug|Any CPU.ActiveCfg = Debug|Any CPU
		{0C358388-B15E-4EE8-A62D-DFF3011828BB}.Debug|Any CPU.Build.0 = Debug|Any CPU
		{0C358388-B15E-4EE8-A62D-DFF3011828BB}.Release|Any CPU.ActiveCfg = Release|Any CPU
		{0C358388-B15E-4EE8-A62D-DFF3011828BB}.Release|Any CPU.Build.0 = Release|Any CPU
		{10FE6AC1-6F5F-4DBA-B167-AC71A179DA4C}.Debug|Any CPU.ActiveCfg = Debug|Any CPU
		{10FE6AC1-6F5F-4DBA-B167-AC71A179DA4C}.Debug|Any CPU.Build.0 = Debug|Any CPU
		{10FE6AC1-6F5F-4DBA-B167-AC71A179DA4C}.Release|Any CPU.ActiveCfg = Release|Any CPU
		{10FE6AC1-6F5F-4DBA-B167-AC71A179DA4C}.Release|Any CPU.Build.0 = Release|Any CPU
		{2BAC49DE-AE97-42F8-B49C-337ADA0D1FF5}.Debug|Any CPU.ActiveCfg = Debug|Any CPU
		{2BAC49DE-AE97-42F8-B49C-337ADA0D1FF5}.Debug|Any CPU.Build.0 = Debug|Any CPU
		{2BAC49DE-AE97-42F8-B49C-337ADA0D1FF5}.Release|Any CPU.ActiveCfg = Release|Any CPU
		{2BAC49DE-AE97-42F8-B49C-337ADA0D1FF5}.Release|Any CPU.Build.0 = Release|Any CPU
	EndGlobalSection
	GlobalSection(SolutionProperties) = preSolution
		HideSolutionNode = FALSE
	EndGlobalSection
	GlobalSection(ExtensibilityGlobals) = postSolution
		SolutionGuid = {71BF6A1C-DC3B-4861-B64C-ACF6181E417B}
	EndGlobalSection
EndGlobal
